
Microsoft Visual Studio Solution File, Format Version 12.00
# Visual Studio Version 16
VisualStudioVersion = 16.0.28516.95
MinimumVisualStudioVersion = 10.0.40219.1
Project("{FAE04EC0-301F-11D3-BF4B-00C04F79EFBC}") = "Webservice", "Webservice\Webservice.csproj", "{688FEF00-7936-41BC-8307-89DDE0743075}"
EndProject
Global
	GlobalSection(SolutionConfigurationPlatforms) = preSolution
		Debug|Any CPU = Debug|Any CPU
		Release|Any CPU = Release|Any CPU
	EndGlobalSection
	GlobalSection(ProjectConfigurationPlatforms) = postSolution
		{688FEF00-7936-41BC-8307-89DDE0743075}.Debug|Any CPU.ActiveCfg = Debug|Any CPU
		{688FEF00-7936-41BC-8307-89DDE0743075}.Debug|Any CPU.Build.0 = Debug|Any CPU
		{688FEF00-7936-41BC-8307-89DDE0743075}.Release|Any CPU.ActiveCfg = Release|Any CPU
		{688FEF00-7936-41BC-8307-89DDE0743075}.Release|Any CPU.Build.0 = Release|Any CPU
	EndGlobalSection
	GlobalSection(SolutionProperties) = preSolution
		HideSolutionNode = FALSE
	EndGlobalSection
	GlobalSection(ExtensibilityGlobals) = postSolution
		SolutionGuid = {4446B1BE-49BB-4D57-92E7-6277BB71E2FF}
	EndGlobalSection
EndGlobal
